
Microsoft Visual Studio Solution File, Format Version 12.00
# Visual Studio Version 17
VisualStudioVersion = 17.14.36414.22 d17.14
MinimumVisualStudioVersion = 10.0.40219.1
Project("{FAE04EC0-301F-11D3-BF4B-00C04F79EFBC}") = "OlderLib", "OlderLib.csproj", "{DA8C9FFC-412B-42C6-82F2-C08921C144F0}"
EndProject
Global
	GlobalSection(SolutionConfigurationPlatforms) = preSolution
		Debug|Any CPU = Debug|Any CPU
		Release|Any CPU = Release|Any CPU
	EndGlobalSection
	GlobalSection(ProjectConfigurationPlatforms) = postSolution
		{DA8C9FFC-412B-42C6-82F2-C08921C144F0}.Debug|Any CPU.ActiveCfg = Debug|Any CPU
		{DA8C9FFC-412B-42C6-82F2-C08921C144F0}.Debug|Any CPU.Build.0 = Debug|Any CPU
		{DA8C9FFC-412B-42C6-82F2-C08921C144F0}.Release|Any CPU.ActiveCfg = Release|Any CPU
		{DA8C9FFC-412B-42C6-82F2-C08921C144F0}.Release|Any CPU.Build.0 = Release|Any CPU
	EndGlobalSection
	GlobalSection(SolutionProperties) = preSolution
		HideSolutionNode = FALSE
	EndGlobalSection
	GlobalSection(ExtensibilityGlobals) = postSolution
		SolutionGuid = {BB5BC0FA-39D8-4848-9595-F368786A12FF}
	EndGlobalSection
EndGlobal
